github.com/ZacxDev/go-gocollect-sdk v0.0.0-20241220203614-60aceaa29842 h1:auxVoc92ylBs9J/WzJq5dPhjBcTWU1A2CLxo+Uwz2X0=
github.com/ZacxDev/go-gocollect-sdk v0.0.0-20241220203614-60aceaa29842/go.mod h1:0pT5qE/6e4e6aPnCv3WP5UmkZcA64wPQquyDow5rCzc=
github.com/gotk3/gotk3 v0.6.2 h1:sx/PjaKfKULJPTPq8p2kn2ZbcNFxpOJqi4VLzMbEOO8=
github.com/gotk3/gotk3 v0.6.2/go.mod h1:/hqFpkNa9T3JgNAE2fLvCdov7c5bw//FHNZrZ3Uv9/Q=
github.com/mattn/go-sqlite3 v1.14.24 h1:tpSp2G2KyMnnQu99ngJ47EIkWVmliIizyZBfPrBWDRM=
github.com/mattn/go-sqlite3 v1.14.24/go.mod h1:Uh1q+B4BYcTPb+yiD3kU8Ct7aC0hY9fxUwlHK0RXw+Y=
github.com/pkg/errors v0.9.1 h1:FEBLx1zS214owpjy7qsBeixbURkuhQAwrK5UwLGTwt4=
github.com/pkg/errors v0.9.1/go.mod h1:bwawxfHBFNV+L2hUp1rHADufV3IMtnDRdf1r5NINEl0=
